Microsoft Visual Studio Solution File, Format Version 12.00
# Visual Studio 15
Project("{8BC9CEB8-8B4A-11D0-8D11-00A0C91BC942}") = "ALL_BUILD", "ALL_BUILD.vcxproj", "{C486CB0A-34A0-3076-92F1-19CC3FA5BE01}"
	ProjectSection(ProjectDependencies) = postProject
		{D2B129A3-A03F-3421-8F63-4FB07C1777B7} = {D2B129A3-A03F-3421-8F63-4FB07C1777B7}
		{6B50EA51-A352-3845-B790-1110B2808B30} = {6B50EA51-A352-3845-B790-1110B2808B30}
	EndProjectSection
EndProject
Project("{8BC9CEB8-8B4A-11D0-8D11-00A0C91BC942}") = "ScreenSaver", "ScreenSaver\ScreenSaver.vcxproj", "{D2B129A3-A03F-3421-8F63-4FB07C1777B7}"
	ProjectSection(ProjectDependencies) = postProject
		{6B50EA51-A352-3845-B790-1110B2808B30} = {6B50EA51-A352-3845-B790-1110B2808B30}
	EndProjectSection
EndProject
Project("{8BC9CEB8-8B4A-11D0-8D11-00A0C91BC942}") = "ZERO_CHECK", "ZERO_CHECK.vcxproj", "{6B50EA51-A352-3845-B790-1110B2808B30}"
	ProjectSection(ProjectDependencies) = postProject
	EndProjectSection
EndProject
Global
	GlobalSection(SolutionConfigurationPlatforms) = preSolution
		Debug|x64 = Debug|x64
		Release|x64 = Release|x64
		MinSizeRel|x64 = MinSizeRel|x64
		RelWithDebInfo|x64 = RelWithDebInfo|x64
	EndGlobalSection
	GlobalSection(ProjectConfigurationPlatforms) = postSolution
		{C486CB0A-34A0-3076-92F1-19CC3FA5BE01}.Debug|x64.ActiveCfg = Debug|x64
		{C486CB0A-34A0-3076-92F1-19CC3FA5BE01}.Release|x64.ActiveCfg = Release|x64
		{C486CB0A-34A0-3076-92F1-19CC3FA5BE01}.MinSizeRel|x64.ActiveCfg = MinSizeRel|x64
		{C486CB0A-34A0-3076-92F1-19CC3FA5BE01}.RelWithDebInfo|x64.ActiveCfg = RelWithDebInfo|x64
		{D2B129A3-A03F-3421-8F63-4FB07C1777B7}.Debug|x64.ActiveCfg = Debug|x64
		{D2B129A3-A03F-3421-8F63-4FB07C1777B7}.Debug|x64.Build.0 = Debug|x64
		{D2B129A3-A03F-3421-8F63-4FB07C1777B7}.Release|x64.ActiveCfg = Release|x64
		{D2B129A3-A03F-3421-8F63-4FB07C1777B7}.Release|x64.Build.0 = Release|x64
		{D2B129A3-A03F-3421-8F63-4FB07C1777B7}.MinSizeRel|x64.ActiveCfg = MinSizeRel|x64
		{D2B129A3-A03F-3421-8F63-4FB07C1777B7}.MinSizeRel|x64.Build.0 = MinSizeRel|x64
		{D2B129A3-A03F-3421-8F63-4FB07C1777B7}.RelWithDebInfo|x64.ActiveCfg = RelWithDebInfo|x64
		{D2B129A3-A03F-3421-8F63-4FB07C1777B7}.RelWithDebInfo|x64.Build.0 = RelWithDebInfo|x64
		{6B50EA51-A352-3845-B790-1110B2808B30}.Debug|x64.ActiveCfg = Debug|x64
		{6B50EA51-A352-3845-B790-1110B2808B30}.Debug|x64.Build.0 = Debug|x64
		{6B50EA51-A352-3845-B790-1110B2808B30}.Release|x64.ActiveCfg = Release|x64
		{6B50EA51-A352-3845-B790-1110B2808B30}.Release|x64.Build.0 = Release|x64
		{6B50EA51-A352-3845-B790-1110B2808B30}.MinSizeRel|x64.ActiveCfg = MinSizeRel|x64
		{6B50EA51-A352-3845-B790-1110B2808B30}.MinSizeRel|x64.Build.0 = MinSizeRel|x64
		{6B50EA51-A352-3845-B790-1110B2808B30}.RelWithDebInfo|x64.ActiveCfg = RelWithDebInfo|x64
		{6B50EA51-A352-3845-B790-1110B2808B30}.RelWithDebInfo|x64.Build.0 = RelWithDebInfo|x64
	EndGlobalSection
	GlobalSection(ExtensibilityGlobals) = postSolution
		SolutionGuid = {4C11FBF8-E3CB-37D2-B7A4-F3E23688D949}
	EndGlobalSection
	GlobalSection(ExtensibilityAddIns) = postSolution
	EndGlobalSection
EndGlobal
