<?xml version="1.0" encoding="utf-8"?>
<Project ToolsVersion="15.0" xmlns="http://schemas.microsoft.com/developer/msbuild/2003">
  <ItemGroup>
    <CustomBuild Include="E:\source\InspirationalScreenSaver\build_vs2017\CMakeFiles\28884028c8ab036edf29980b0f0b37b4\generate.stamp.rule">
      <Filter>CMake Rules</Filter>
    </CustomBuild>
  </ItemGroup>
  <ItemGroup>
    <Filter Include="CMake Rules">
      <UniqueIdentifier>{DDF5F45A-763F-3F50-9B14-FF5533BD124A}</UniqueIdentifier>
    </Filter>
  </ItemGroup>
</Project>
